
Microsoft Visual Studio Solution File, Format Version 12.00
# Visual Studio 2012
Project("{FAE04EC0-301F-11D3-BF4B-00C04F79EFBC}") = "androidMyMemoryApp", "androidMyMemoryApp\androidMyMemoryApp.csproj", "{D6885A16-DC62-46FB-9B18-5BB03891CB98}"
EndProject
Global
	GlobalSection(SolutionConfigurationPlatforms) = preSolution
		Debug|Any CPU = Debug|Any CPU
		Release|Any CPU = Release|Any CPU
	EndGlobalSection
	GlobalSection(ProjectConfigurationPlatforms) = postSolution
		{D6885A16-DC62-46FB-9B18-5BB03891CB98}.Debug|Any CPU.ActiveCfg = Debug|Any CPU
		{D6885A16-DC62-46FB-9B18-5BB03891CB98}.Debug|Any CPU.Build.0 = Debug|Any CPU
		{D6885A16-DC62-46FB-9B18-5BB03891CB98}.Release|Any CPU.ActiveCfg = Release|Any CPU
		{D6885A16-DC62-46FB-9B18-5BB03891CB98}.Release|Any CPU.Build.0 = Release|Any CPU
	EndGlobalSection
EndGlobal
